
Microsoft Visual Studio Solution File, Format Version 12.00
# Visual Studio 15
Project("{FAE04EC0-301F-11D3-BF4B-00C04F79EFBC}") = "Assembly-CSharp", "Assembly-CSharp.csproj", "{A9707DEA-7A16-0319-D604-7974A2B1D353}"
EndProject
Project("{FAE04EC0-301F-11D3-BF4B-00C04F79EFBC}") = "Assembly-CSharp-firstpass", "Assembly-CSharp-firstpass.csproj", "{0C553D43-DFAC-256B-E19E-E56437DA9E12}"
EndProject
Project("{FAE04EC0-301F-11D3-BF4B-00C04F79EFBC}") = "Assembly-CSharp-Editor", "Assembly-CSharp-Editor.csproj", "{66122B3C-B91B-D993-5970-F869FC7DD926}"
EndProject
Project("{FAE04EC0-301F-11D3-BF4B-00C04F79EFBC}") = "Assembly-CSharp-Editor-firstpass", "Assembly-CSharp-Editor-firstpass.csproj", "{D5C42D35-94FA-B4D6-F510-43BC70A5C7BA}"
EndProject
Global
	GlobalSection(SolutionConfigurationPlatforms) = preSolution
		Debug|Any CPU = Debug|Any CPU
		Release|Any CPU = Release|Any CPU
	EndGlobalSection
	GlobalSection(ProjectConfigurationPlatforms) = postSolution
		{A9707DEA-7A16-0319-D604-7974A2B1D353}.Debug|Any CPU.ActiveCfg = Debug|Any CPU
		{A9707DEA-7A16-0319-D604-7974A2B1D353}.Debug|Any CPU.Build.0 = Debug|Any CPU
		{A9707DEA-7A16-0319-D604-7974A2B1D353}.Release|Any CPU.ActiveCfg = Release|Any CPU
		{A9707DEA-7A16-0319-D604-7974A2B1D353}.Release|Any CPU.Build.0 = Release|Any CPU
		{0C553D43-DFAC-256B-E19E-E56437DA9E12}.Debug|Any CPU.ActiveCfg = Debug|Any CPU
		{0C553D43-DFAC-256B-E19E-E56437DA9E12}.Debug|Any CPU.Build.0 = Debug|Any CPU
		{0C553D43-DFAC-256B-E19E-E56437DA9E12}.Release|Any CPU.ActiveCfg = Release|Any CPU
		{0C553D43-DFAC-256B-E19E-E56437DA9E12}.Release|Any CPU.Build.0 = Release|Any CPU
		{66122B3C-B91B-D993-5970-F869FC7DD926}.Debug|Any CPU.ActiveCfg = Debug|Any CPU
		{66122B3C-B91B-D993-5970-F869FC7DD926}.Debug|Any CPU.Build.0 = Debug|Any CPU
		{66122B3C-B91B-D993-5970-F869FC7DD926}.Release|Any CPU.ActiveCfg = Release|Any CPU
		{66122B3C-B91B-D993-5970-F869FC7DD926}.Release|Any CPU.Build.0 = Release|Any CPU
		{D5C42D35-94FA-B4D6-F510-43BC70A5C7BA}.Debug|Any CPU.ActiveCfg = Debug|Any CPU
		{D5C42D35-94FA-B4D6-F510-43BC70A5C7BA}.Debug|Any CPU.Build.0 = Debug|Any CPU
		{D5C42D35-94FA-B4D6-F510-43BC70A5C7BA}.Release|Any CPU.ActiveCfg = Release|Any CPU
		{D5C42D35-94FA-B4D6-F510-43BC70A5C7BA}.Release|Any CPU.Build.0 = Release|Any CPU
	EndGlobalSection
	GlobalSection(SolutionProperties) = preSolution
		HideSolutionNode = FALSE
	EndGlobalSection
EndGlobal
